// !$*UTF8*$!
{
	archiveVersion = 1;
	classes = {
	};
	objectVersion = 46;
	objects = {

/* Begin PBXBuildFile section */
		056A2A7D1B25CEC500F3BB74 /* LuckyMoney.m in Sources */ = {isa = PBXBuildFile; fileRef = 056A2A7C1B25CEC500F3BB74 /* LuckyMoney.m */; };
		351C30B6174EA1D17C4160AB /* luckymoneyTests.m in Sources */ = {isa = PBXBuildFile; fileRef = 351C36A35AE3A6C72652CAE9 /* luckymoneyTests.m */; };
		351C328A1B3E947F5DCC834E /* Images.xcassets in Resources */ = {isa = PBXBuildFile; fileRef = 351C3F94CDF5C5890A4680E5 /* Images.xcassets */; };
		351C337DCEAB95EBF1196B3B /* LuckyMentor.m in Sources */ = {isa = PBXBuildFile; fileRef = 351C30AB720196DAF4995DFC /* LuckyMentor.m */; };
		351C3537B8696C40B3B7B6B5 /* Main.storyboard in Resources */ = {isa = PBXBuildFile; fileRef = 351C345FB868D8B6381F52A1 /* Main.storyboard */; };
		351C3764136CD198E8235A8F /* ViewController.m in Sources */ = {isa = PBXBuildFile; fileRef = 351C3354854673512BF6F50D /* ViewController.m */; };
		351C37EB74CD3655E62478BF /* GuessTest.m in Sources */ = {isa = PBXBuildFile; fileRef = 351C31E4C56FBC32157ABD70 /* GuessTest.m */; };
		351C3823AFEA42A658B71AA2 /* LuckyMentorTests.m in Sources */ = {isa = PBXBuildFile; fileRef = 351C37D365D7DA4FE6C5E18B /* LuckyMentorTests.m */; };
		351C38E5BB5995BCC7219060 /* main.m in Sources */ = {isa = PBXBuildFile; fileRef = 351C384AEC1883D3E460EA26 /* main.m */; };
		351C3F9F47452774AED27A1F /* LaunchScreen.xib in Resources */ = {isa = PBXBuildFile; fileRef = 351C3491F5D162E2E7F380A9 /* LaunchScreen.xib */; };
		351C3FDFAEE07DDBC70328E9 /* AppDelegate.m in Sources */ = {isa = PBXBuildFile; fileRef = 351C3858B65ACA6E779A1585 /* AppDelegate.m */; };
/* End PBXBuildFile section */

/* Begin PBXContainerItemProxy section */
		351C31ED7D13CD72F66AF2BE /* PBXContainerItemProxy */ = {
			isa = PBXContainerItemProxy;
			containerPortal = 351C374EF670AB40C0BA2B23 /* Project object */;
			proxyType = 1;
			remoteGlobalIDString = 351C38C04659A54EAF22D4FD;
			remoteInfo = luckymoney;
		};
/* End PBXContainerItemProxy section */

/* Begin PBXFileReference section */
		056A2A7B1B25CEC500F3BB74 /* LuckyMoney.h */ = {isa = PBXFileReference; fileEncoding = 4; lastKnownFileType = sourcecode.c.h; path = LuckyMoney.h; sourceTree = "<group>"; };
		056A2A7C1B25CEC500F3BB74 /* LuckyMoney.m */ = {isa = PBXFileReference; fileEncoding = 4; lastKnownFileType = sourcecode.c.objc; path = LuckyMoney.m; sourceTree = "<group>"; };
		351C30AB720196DAF4995DFC /* LuckyMentor.m */ = {isa = PBXFileReference; fileEncoding = 4; lastKnownFileType = sourcecode.c.objc; path = LuckyMentor.m; sourceTree = "<group>"; };
		351C31E4C56FBC32157ABD70 /* GuessTest.m */ = {isa = PBXFileReference; fileEncoding = 4; lastKnownFileType = sourcecode.c.objc; path = GuessTest.m; sourceTree = "<group>"; };
		351C3354854673512BF6F50D /* ViewController.m */ = {isa = PBXFileReference; lastKnownFileType = sourcecode.c.objc; path = ViewController.m; sourceTree = "<group>"; };
		351C33870B916FAE8A955408 /* luckymoneyTests.xctest */ = {isa = PBXFileReference; explicitFileType = wrapper.cfbundle; includeInIndex = 0; path = luckymoneyTests.xctest; sourceTree = BUILT_PRODUCTS_DIR; };
		351C344C60947115A2BB4866 /* AppDelegate.h */ = {isa = PBXFileReference; lastKnownFileType = sourcecode.c.h; path = AppDelegate.h; sourceTree = "<group>"; };
		351C348197508CAEE058F9D8 /* LuckyMentor.h */ = {isa = PBXFileReference; fileEncoding = 4; lastKnownFileType = sourcecode.c.h; path = LuckyMentor.h; sourceTree = "<group>"; };
		351C36A35AE3A6C72652CAE9 /* luckymoneyTests.m */ = {isa = PBXFileReference; lastKnownFileType = sourcecode.c.objc; path = luckymoneyTests.m; sourceTree = "<group>"; };
		351C36BD7FE50E90EFB0CA31 /* luckymoney.app */ = {isa = PBXFileReference; explicitFileType = wrapper.application; includeInIndex = 0; path = luckymoney.app; sourceTree = BUILT_PRODUCTS_DIR; };
		351C37D365D7DA4FE6C5E18B /* LuckyMentorTests.m */ = {isa = PBXFileReference; fileEncoding = 4; lastKnownFileType = sourcecode.c.objc; path = LuckyMentorTests.m; sourceTree = "<group>"; };
		351C381B2BA19C529DC49E1A /* Info.plist */ = {isa = PBXFileReference; lastKnownFileType = text.plist.info; path = Info.plist; sourceTree = "<group>"; };
		351C384AEC1883D3E460EA26 /* main.m */ = {isa = PBXFileReference; lastKnownFileType = sourcecode.c.objc; path = main.m; sourceTree = "<group>"; };
		351C3858B65ACA6E779A1585 /* AppDelegate.m */ = {isa = PBXFileReference; lastKnownFileType = sourcecode.c.objc; path = AppDelegate.m; sourceTree = "<group>"; };
		351C395E68DF80509219BE12 /* ViewController.h */ = {isa = PBXFileReference; lastKnownFileType = sourcecode.c.h; path = ViewController.h; sourceTree = "<group>"; };
		351C3CC81AF5368830522893 /* Base */ = {isa = PBXFileReference; lastKnownFileType = file.xib; name = Base; path = Base.lproj/LaunchScreen.xib; sourceTree = "<group>"; };
		351C3D0E3F31F1772FB17AC4 /* Info.plist */ = {isa = PBXFileReference; lastKnownFileType = text.plist.info; path = Info.plist; sourceTree = "<group>"; };
		351C3F924DECF4E07308E5E5 /* Base */ = {isa = PBXFileReference; lastKnownFileType = file.storyboard; name = Base; path = Base.lproj/Main.storyboard; sourceTree = "<group>"; };
		351C3F94CDF5C5890A4680E5 /* Images.xcassets */ = {isa = PBXFileReference; lastKnownFileType = folder.assetcatalog; path = Images.xcassets; sourceTree = "<group>"; };
/* End PBXFileReference section */

/* Begin PBXFrameworksBuildPhase section */
		351C37252E6B5325AB636740 /* Frameworks */ = {
			isa = PBXFrameworksBuildPhase;
			buildActionMask = 2147483647;
			files = (
			);
			runOnlyForDeploymentPostprocessing = 0;
		};
		351C3B02F6F349F1B87F39ED /* Frameworks */ = {
			isa = PBXFrameworksBuildPhase;
			buildActionMask = 2147483647;
			files = (
			);
			runOnlyForDeploymentPostprocessing = 0;
		};
/* End PBXFrameworksBuildPhase section */

/* Begin PBXGroup section */
		351C308A04573B66EB7BBA69 /* Supporting Files */ = {
			isa = PBXGroup;
			children = (
				351C381B2BA19C529DC49E1A /* Info.plist */,
				351C384AEC1883D3E460EA26 /* main.m */,
			);
			name = "Supporting Files";
			sourceTree = "<group>";
		};
		351C31F074D47E546DC0FC15 /* luckymoneyTests */ = {
			isa = PBXGroup;
			children = (
				351C3B73E12A3A1A0A79A3E0 /* Supporting Files */,
				351C36A35AE3A6C72652CAE9 /* luckymoneyTests.m */,
				351C31E4C56FBC32157ABD70 /* GuessTest.m */,
				351C37D365D7DA4FE6C5E18B /* LuckyMentorTests.m */,
			);
			path = luckymoneyTests;
			sourceTree = "<group>";
		};
		351C3461161719E87F752B05 /* Products */ = {
			isa = PBXGroup;
			children = (
				351C36BD7FE50E90EFB0CA31 /* luckymoney.app */,
				351C33870B916FAE8A955408 /* luckymoneyTests.xctest */,
			);
			name = Products;
			sourceTree = "<group>";
		};
		351C39E8D40F548521239105 = {
			isa = PBXGroup;
			children = (
				351C3461161719E87F752B05 /* Products */,
				351C3BA503FAEF2866F8347C /* luckymoney */,
				351C31F074D47E546DC0FC15 /* luckymoneyTests */,
			);
			sourceTree = "<group>";
		};
		351C3B73E12A3A1A0A79A3E0 /* Supporting Files */ = {
			isa = PBXGroup;
			children = (
				351C3D0E3F31F1772FB17AC4 /* Info.plist */,
			);
			name = "Supporting Files";
			sourceTree = "<group>";
		};
		351C3BA503FAEF2866F8347C /* luckymoney */ = {
			isa = PBXGroup;
			children = (
				351C308A04573B66EB7BBA69 /* Supporting Files */,
				351C3F94CDF5C5890A4680E5 /* Images.xcassets */,
				351C3491F5D162E2E7F380A9 /* LaunchScreen.xib */,
				351C344C60947115A2BB4866 /* AppDelegate.h */,
				351C3858B65ACA6E779A1585 /* AppDelegate.m */,
				351C345FB868D8B6381F52A1 /* Main.storyboard */,
				351C395E68DF80509219BE12 /* ViewController.h */,
				351C3354854673512BF6F50D /* ViewController.m */,
				056A2A7B1B25CEC500F3BB74 /* LuckyMoney.h */,
				056A2A7C1B25CEC500F3BB74 /* LuckyMoney.m */,
				351C30AB720196DAF4995DFC /* LuckyMentor.m */,
				351C348197508CAEE058F9D8 /* LuckyMentor.h */,
			);
			path = luckymoney;
			sourceTree = "<group>";
		};
/* End PBXGroup section */

/* Begin PBXNativeTarget section */
		351C389263D97F90541E8BB4 /* luckymoneyTests */ = {
			isa = PBXNativeTarget;
			buildConfigurationList = 351C346361D1F87167511888 /* Build configuration list for PBXNativeTarget "luckymoneyTests" */;
			buildPhases = (
				351C351E8252E0691511E6BF /* Sources */,
				351C3B02F6F349F1B87F39ED /* Frameworks */,
				351C32674DAA753F0D4389F3 /* Resources */,
			);
			buildRules = (
			);
			dependencies = (
				351C34208E469EF94FEE71A3 /* PBXTargetDependency */,
			);
			name = luckymoneyTests;
			productName = luckymoneyTests;
			productReference = 351C33870B916FAE8A955408 /* luckymoneyTests.xctest */;
			productType = "com.apple.product-type.bundle.unit-test";
		};
		351C38C04659A54EAF22D4FD /* luckymoney */ = {
			isa = PBXNativeTarget;
			buildConfigurationList = 351C304EFB9C2DE56515DEDC /* Build configuration list for PBXNativeTarget "luckymoney" */;
			buildPhases = (
				351C3DE4FA4D8F36BBE1CC3B /* Sources */,
				351C37252E6B5325AB636740 /* Frameworks */,
				351C3BE5F4ACA3F99559E5FE /* Resources */,
			);
			buildRules = (
			);
			dependencies = (
			);
			name = luckymoney;
			productName = luckymoney;
			productReference = 351C36BD7FE50E90EFB0CA31 /* luckymoney.app */;
			productType = "com.apple.product-type.application";
		};
/* End PBXNativeTarget section */

/* Begin PBXProject section */
		351C374EF670AB40C0BA2B23 /* Project object */ = {
			isa = PBXProject;
			attributes = {
				ORGANIZATIONNAME = "___FULLUSERNAME___";
			};
			buildConfigurationList = 351C3CF538B200401A4C5E24 /* Build configuration list for PBXProject "luckymoney" */;
			compatibilityVersion = "Xcode 3.2";
			developmentRegion = English;
			hasScannedForEncodings = 0;
			knownRegions = (
				en,
			);
			mainGroup = 351C39E8D40F548521239105;
			productRefGroup = 351C3461161719E87F752B05 /* Products */;
			projectDirPath = "";
			projectRoot = "";
			targets = (
				351C38C04659A54EAF22D4FD /* luckymoney */,
				351C389263D97F90541E8BB4 /* luckymoneyTests */,
			);
		};
/* End PBXProject section */

/* Begin PBXResourcesBuildPhase section */
		351C32674DAA753F0D4389F3 /* Resources */ = {
			isa = PBXResourcesBuildPhase;
			buildActionMask = 2147483647;
			files = (
			);
			runOnlyForDeploymentPostprocessing = 0;
		};
		351C3BE5F4ACA3F99559E5FE /* Resources */ = {
			isa = PBXResourcesBuildPhase;
			buildActionMask = 2147483647;
			files = (
				351C328A1B3E947F5DCC834E /* Images.xcassets in Resources */,
				351C3F9F47452774AED27A1F /* LaunchScreen.xib in Resources */,
				351C3537B8696C40B3B7B6B5 /* Main.storyboard in Resources */,
			);
			runOnlyForDeploymentPostprocessing = 0;
		};
/* End PBXResourcesBuildPhase section */

/* Begin PBXSourcesBuildPhase section */
		351C351E8252E0691511E6BF /* Sources */ = {
			isa = PBXSourcesBuildPhase;
			buildActionMask = 2147483647;
			files = (
				351C30B6174EA1D17C4160AB /* luckymoneyTests.m in Sources */,
				351C37EB74CD3655E62478BF /* GuessTest.m in Sources */,
				351C3823AFEA42A658B71AA2 /* LuckyMentorTests.m in Sources */,
			);
			runOnlyForDeploymentPostprocessing = 0;
		};
		351C3DE4FA4D8F36BBE1CC3B /* Sources */ = {
			isa = PBXSourcesBuildPhase;
			buildActionMask = 2147483647;
			files = (
				351C38E5BB5995BCC7219060 /* main.m in Sources */,
				056A2A7D1B25CEC500F3BB74 /* LuckyMoney.m in Sources */,
				351C3FDFAEE07DDBC70328E9 /* AppDelegate.m in Sources */,
				351C3764136CD198E8235A8F /* ViewController.m in Sources */,
				351C337DCEAB95EBF1196B3B /* LuckyMentor.m in Sources */,
			);
			runOnlyForDeploymentPostprocessing = 0;
		};
/* End PBXSourcesBuildPhase section */

/* Begin PBXTargetDependency section */
		351C34208E469EF94FEE71A3 /* PBXTargetDependency */ = {
			isa = PBXTargetDependency;
			target = 351C38C04659A54EAF22D4FD /* luckymoney */;
			targetProxy = 351C31ED7D13CD72F66AF2BE /* PBXContainerItemProxy */;
		};
/* End PBXTargetDependency section */

/* Begin PBXVariantGroup section */
		351C345FB868D8B6381F52A1 /* Main.storyboard */ = {
			isa = PBXVariantGroup;
			children = (
				351C3F924DECF4E07308E5E5 /* Base */,
			);
			name = Main.storyboard;
			sourceTree = "<group>";
		};
		351C3491F5D162E2E7F380A9 /* LaunchScreen.xib */ = {
			isa = PBXVariantGroup;
			children = (
				351C3CC81AF5368830522893 /* Base */,
			);
			name = LaunchScreen.xib;
			sourceTree = "<group>";
		};
/* End PBXVariantGroup section */

/* Begin XCBuildConfiguration section */
		351C3136BDE9AAEDDA4F1AB6 /* Release */ = {
			isa = XCBuildConfiguration;
			buildSettings = {
				ASSETCATALOG_COMPILER_APPICON_NAME = AppIcon;
				INFOPLIST_FILE = luckymoney/Info.plist;
				LD_RUNPATH_SEARCH_PATHS = "$(inherited) @executable_path/Frameworks";
				PRODUCT_NAME = "$(TARGET_NAME)";
			};
			name = Release;
		};
		351C31A8A8C17DED8AF7EBAC /* Release */ = {
			isa = XCBuildConfiguration;
			buildSettings = {
				ALWAYS_SEARCH_USER_PATHS = NO;
				CLANG_CXX_LANGUAGE_STANDARD = "gnu++0x";
				CLANG_CXX_LIBRARY = "libc++";
				CLANG_ENABLE_MODULES = YES;
				CLANG_ENABLE_OBJC_ARC = YES;
				CLANG_WARN_BOOL_CONVERSION = YES;
				CLANG_WARN_CONSTANT_CONVERSION = YES;
				CLANG_WARN_DIRECT_OBJC_ISA_USAGE = YES_ERROR;
				CLANG_WARN_EMPTY_BODY = YES;
				CLANG_WARN_ENUM_CONVERSION = YES;
				CLANG_WARN_INT_CONVERSION = YES;
				CLANG_WARN_OBJC_ROOT_CLASS = YES_ERROR;
				CLANG_WARN_UNREACHABLE_CODE = YES;
				CLANG_WARN__DUPLICATE_METHOD_MATCH = YES;
				"CODE_SIGN_IDENTITY[sdk=iphoneos*]" = "iPhone Developer";
				COPY_PHASE_STRIP = NO;
				DEBUG_INFORMATION_FORMAT = "dwarf-with-dsym";
				ENABLE_NS_ASSERTIONS = NO;
				ENABLE_STRICT_OBJC_MSGSEND = YES;
				GCC_C_LANGUAGE_STANDARD = gnu99;
				GCC_NO_COMMON_BLOCKS = YES;
				GCC_WARN_64_TO_32_BIT_CONVERSION = YES;
				GCC_WARN_ABOUT_RETURN_TYPE = YES_ERROR;
				GCC_WARN_UNDECLARED_SELECTOR = YES;
				GCC_WARN_UNINITIALIZED_AUTOS = YES_AGGRESSIVE;
				GCC_WARN_UNUSED_FUNCTION = YES;
				GCC_WARN_UNUSED_VARIABLE = YES;
				IPHONEOS_DEPLOYMENT_TARGET = 8.3;
				MTL_ENABLE_DEBUG_INFO = NO;
				SDKROOT = iphoneos;
				VALIDATE_PRODUCT = YES;
			};
			name = Release;
		};
		351C33B4BE3D93671D526E6B /* Release */ = {
			isa = XCBuildConfiguration;
			buildSettings = {
				BUNDLE_LOADER = "$(BUILT_PRODUCTS_DIR)/luckymoney.app/luckymoney";
				FRAMEWORK_SEARCH_PATHS = (
					"$(SDKROOT)/Developer/Library/Frameworks",
					"$(inherited)",
				);
				INFOPLIST_FILE = luckymoneyTests/Info.plist;
				LD_RUNPATH_SEARCH_PATHS = "$(inherited) @executable_path/Frameworks @loader_path/Frameworks";
				PRODUCT_NAME = "$(TARGET_NAME)";
				TEST_HOST = "$(BUNDLE_LOADER)";
			};
			name = Release;
		};
		351C354CE41F92801F7E84FB /* Debug */ = {
			isa = XCBuildConfiguration;
			buildSettings = {
				ALWAYS_SEARCH_USER_PATHS = NO;
				CLANG_CXX_LANGUAGE_STANDARD = "gnu++0x";
				CLANG_CXX_LIBRARY = "libc++";
				CLANG_ENABLE_MODULES = YES;
				CLANG_ENABLE_OBJC_ARC = YES;
				CLANG_WARN_BOOL_CONVERSION = YES;
				CLANG_WARN_CONSTANT_CONVERSION = YES;
				CLANG_WARN_DIRECT_OBJC_ISA_USAGE = YES_ERROR;
				CLANG_WARN_EMPTY_BODY = YES;
				CLANG_WARN_ENUM_CONVERSION = YES;
				CLANG_WARN_INT_CONVERSION = YES;
				CLANG_WARN_OBJC_ROOT_CLASS = YES_ERROR;
				CLANG_WARN_UNREACHABLE_CODE = YES;
				CLANG_WARN__DUPLICATE_METHOD_MATCH = YES;
				"CODE_SIGN_IDENTITY[sdk=iphoneos*]" = "iPhone Developer";
				COPY_PHASE_STRIP = NO;
				DEBUG_INFORMATION_FORMAT = "dwarf-with-dsym";
				ENABLE_STRICT_OBJC_MSGSEND = YES;
				GCC_C_LANGUAGE_STANDARD = gnu99;
				GCC_DYNAMIC_NO_PIC = NO;
				GCC_NO_COMMON_BLOCKS = YES;
				GCC_OPTIMIZATION_LEVEL = 0;
				GCC_PREPROCESSOR_DEFINITIONS = (
					"DEBUG=1",
					"$(inherited)",
				);
				GCC_SYMBOLS_PRIVATE_EXTERN = NO;
				GCC_WARN_64_TO_32_BIT_CONVERSION = YES;
				GCC_WARN_ABOUT_RETURN_TYPE = YES_ERROR;
				GCC_WARN_UNDECLARED_SELECTOR = YES;
				GCC_WARN_UNINITIALIZED_AUTOS = YES_AGGRESSIVE;
				GCC_WARN_UNUSED_FUNCTION = YES;
				GCC_WARN_UNUSED_VARIABLE = YES;
				IPHONEOS_DEPLOYMENT_TARGET = 8.3;
				MTL_ENABLE_DEBUG_INFO = YES;
				ONLY_ACTIVE_ARCH = YES;
				SDKROOT = iphoneos;
			};
			name = Debug;
		};
		351C38C841CBFDE8C4067C83 /* Debug */ = {
			isa = XCBuildConfiguration;
			buildSettings = {
				ASSETCATALOG_COMPILER_APPICON_NAME = AppIcon;
				INFOPLIST_FILE = luckymoney/Info.plist;
				LD_RUNPATH_SEARCH_PATHS = "$(inherited) @executable_path/Frameworks";
				PRODUCT_NAME = "$(TARGET_NAME)";
			};
			name = Debug;
		};
		351C3E332866589C14CCA881 /* Debug */ = {
			isa = XCBuildConfiguration;
			buildSettings = {
				BUNDLE_LOADER = "$(BUILT_PRODUCTS_DIR)/luckymoney.app/luckymoney";
				FRAMEWORK_SEARCH_PATHS = (
					"$(SDKROOT)/Developer/Library/Frameworks",
					"$(inherited)",
				);
				INFOPLIST_FILE = luckymoneyTests/Info.plist;
				LD_RUNPATH_SEARCH_PATHS = "$(inherited) @executable_path/Frameworks @loader_path/Frameworks";
				PRODUCT_NAME = "$(TARGET_NAME)";
				TEST_HOST = "$(BUNDLE_LOADER)";
			};
			name = Debug;
		};
/* End XCBuildConfiguration section */

/* Begin XCConfigurationList section */
		351C304EFB9C2DE56515DEDC /* Build configuration list for PBXNativeTarget "luckymoney" */ = {
			isa = XCConfigurationList;
			buildConfigurations = (
				351C38C841CBFDE8C4067C83 /* Debug */,
				351C3136BDE9AAEDDA4F1AB6 /* Release */,
			);
			defaultConfigurationIsVisible = 0;
			defaultConfigurationName = Release;
		};
		351C346361D1F87167511888 /* Build configuration list for PBXNativeTarget "luckymoneyTests" */ = {
			isa = XCConfigurationList;
			buildConfigurations = (
				351C3E332866589C14CCA881 /* Debug */,
				351C33B4BE3D93671D526E6B /* Release */,
			);
			defaultConfigurationIsVisible = 0;
			defaultConfigurationName = Release;
		};
		351C3CF538B200401A4C5E24 /* Build configuration list for PBXProject "luckymoney" */ = {
			isa = XCConfigurationList;
			buildConfigurations = (
				351C354CE41F92801F7E84FB /* Debug */,
				351C31A8A8C17DED8AF7EBAC /* Release */,
			);
			defaultConfigurationIsVisible = 0;
			defaultConfigurationName = Release;
		};
/* End XCConfigurationList section */
	};
	rootObject = 351C374EF670AB40C0BA2B23 /* Project object */;
}
